// !$*UTF8*$!
{
	archiveVersion = 1;
	classes = {
	};
	objectVersion = 46;
	objects = {

/* Begin PBXBuildFile section */
		015056461D77A05300C1F8D8 /* RiskListVo.m in Sources */ = {isa = PBXBuildFile; fileRef = 015056451D77A05300C1F8D8 /* RiskListVo.m */; };
		015056491D77A13B00C1F8D8 /* RiskDetailVo.m in Sources */ = {isa = PBXBuildFile; fileRef = 015056481D77A13B00C1F8D8 /* RiskDetailVo.m */; };
		0150564C1D77A20800C1F8D8 /* RiskDayInfoVo.m in Sources */ = {isa = PBXBuildFile; fileRef = 0150564B1D77A20800C1F8D8 /* RiskDayInfoVo.m */; };
		0150564F1D77A29E00C1F8D8 /* RiskCheckVo.m in Sources */ = {isa = PBXBuildFile; fileRef = 0150564E1D77A29E00C1F8D8 /* RiskCheckVo.m */; };
		015056521D77A33100C1F8D8 /* RiskVerifyListVo.m in Sources */ = {isa = PBXBuildFile; fileRef = 015056511D77A33100C1F8D8 /* RiskVerifyListVo.m */; };
		015056551D77A3DD00C1F8D8 /* RiskReportDetailVo.m in Sources */ = {isa = PBXBuildFile; fileRef = 015056541D77A3DD00C1F8D8 /* RiskReportDetailVo.m */; };
		015056581D77A4BD00C1F8D8 /* NoticeListVo.m in Sources */ = {isa = PBXBuildFile; fileRef = 015056571D77A4BD00C1F8D8 /* NoticeListVo.m */; };
		0150565B1D77A57700C1F8D8 /* NoticeMyListVo.m in Sources */ = {isa = PBXBuildFile; fileRef = 0150565A1D77A57700C1F8D8 /* NoticeMyListVo.m */; };
		0150565E1D77A5D700C1F8D8 /* WarnListVo.m in Sources */ = {isa = PBXBuildFile; fileRef = 0150565D1D77A5D700C1F8D8 /* WarnListVo.m */; };
		0150566B1D78722A00C1F8D8 /* RiskMainListCell.m in Sources */ = {isa = PBXBuildFile; fileRef = 015056691D78722A00C1F8D8 /* RiskMainListCell.m */; };
		0150566C1D78722A00C1F8D8 /* RiskMainListCell.xib in Resources */ = {isa = PBXBuildFile; fileRef = 0150566A1D78722A00C1F8D8 /* RiskMainListCell.xib */; };
		015259B21D70918F00AD3E67 /* main.m in Sources */ = {isa = PBXBuildFile; fileRef = 015259B11D70918F00AD3E67 /* main.m */; };
		015259B51D70918F00AD3E67 /* AppDelegate.m in Sources */ = {isa = PBXBuildFile; fileRef = 015259B41D70918F00AD3E67 /* AppDelegate.m */; };
		015259B81D70918F00AD3E67 /* LoginViewController.m in Sources */ = {isa = PBXBuildFile; fileRef = 015259B71D70918F00AD3E67 /* LoginViewController.m */; };
		015259BB1D70918F00AD3E67 /* Main.storyboard in Resources */ = {isa = PBXBuildFile; fileRef = 015259B91D70918F00AD3E67 /* Main.storyboard */; };
		015259BD1D70918F00AD3E67 /* Assets.xcassets in Resources */ = {isa = PBXBuildFile; fileRef = 015259BC1D70918F00AD3E67 /* Assets.xcassets */; };
		015259C01D70918F00AD3E67 /* LaunchScreen.storyboard in Resources */ = {isa = PBXBuildFile; fileRef = 015259BE1D70918F00AD3E67 /* LaunchScreen.storyboard */; };
		0154B11B1D72B11E0066D8B7 /* SystemConfig.m in Sources */ = {isa = PBXBuildFile; fileRef = 0154B11A1D72B11E0066D8B7 /* SystemConfig.m */; };
		0154B1201D72BE420066D8B7 /* MBProgressHUD+MBProgressHUDView.m in Sources */ = {isa = PBXBuildFile; fileRef = 0154B11F1D72BE420066D8B7 /* MBProgressHUD+MBProgressHUDView.m */; };
		BA55C6951D78010000FDA2F6 /* RequestModal.m in Sources */ = {isa = PBXBuildFile; fileRef = BA55C6941D78010000FDA2F6 /* RequestModal.m */; };
		BA55C6971D78029B00FDA2F6 /* AFNetworking.framework in Frameworks */ = {isa = PBXBuildFile; fileRef = BA55C6961D78029B00FDA2F6 /* AFNetworking.framework */; };
		BAE718911D71453D009AB399 /* RiskMainViewController.m in Sources */ = {isa = PBXBuildFile; fileRef = BAE718901D71453D009AB399 /* RiskMainViewController.m */; };
		BAE718951D714F87009AB399 /* RiskSearchViewController.m in Sources */ = {isa = PBXBuildFile; fileRef = BAE718931D714F87009AB399 /* RiskSearchViewController.m */; };
		BAE718961D714F87009AB399 /* RiskSearchViewController.xib in Resources */ = {isa = PBXBuildFile; fileRef = BAE718941D714F87009AB399 /* RiskSearchViewController.xib */; };
		BAE7189A1D7179FF009AB399 /* RiskDetailViewController.m in Sources */ = {isa = PBXBuildFile; fileRef = BAE718981D7179FF009AB399 /* RiskDetailViewController.m */; };
		BAE7189B1D7179FF009AB399 /* RiskDetailViewController.xib in Resources */ = {isa = PBXBuildFile; fileRef = BAE718991D7179FF009AB399 /* RiskDetailViewController.xib */; };
		C0FBD52A6B656522062415BC /* Pods_ElectricRisk.framework in Frameworks */ = {isa = PBXBuildFile; fileRef = FEED82F895921AE576C3458C /* Pods_ElectricRisk.framework */; };
/* End PBXBuildFile section */

/* Begin PBXFileReference section */
		015056441D77A05300C1F8D8 /* RiskListVo.h */ = {isa = PBXFileReference; fileEncoding = 4; lastKnownFileType = sourcecode.c.h; name = RiskListVo.h; path = class/model/vo/RiskListVo.h; sourceTree = "<group>"; };
		015056451D77A05300C1F8D8 /* RiskListVo.m */ = {isa = PBXFileReference; fileEncoding = 4; lastKnownFileType = sourcecode.c.objc; name = RiskListVo.m; path = class/model/vo/RiskListVo.m; sourceTree = "<group>"; };
		015056471D77A13B00C1F8D8 /* RiskDetailVo.h */ = {isa = PBXFileReference; fileEncoding = 4; lastKnownFileType = sourcecode.c.h; name = RiskDetailVo.h; path = class/model/vo/RiskDetailVo.h; sourceTree = "<group>"; };
		015056481D77A13B00C1F8D8 /* RiskDetailVo.m */ = {isa = PBXFileReference; fileEncoding = 4; lastKnownFileType = sourcecode.c.objc; name = RiskDetailVo.m; path = class/model/vo/RiskDetailVo.m; sourceTree = "<group>"; };
		0150564A1D77A20800C1F8D8 /* RiskDayInfoVo.h */ = {isa = PBXFileReference; fileEncoding = 4; lastKnownFileType = sourcecode.c.h; name = RiskDayInfoVo.h; path = class/model/vo/RiskDayInfoVo.h; sourceTree = "<group>"; };
		0150564B1D77A20800C1F8D8 /* RiskDayInfoVo.m */ = {isa = PBXFileReference; fileEncoding = 4; lastKnownFileType = sourcecode.c.objc; name = RiskDayInfoVo.m; path = class/model/vo/RiskDayInfoVo.m; sourceTree = "<group>"; };
		0150564D1D77A29E00C1F8D8 /* RiskCheckVo.h */ = {isa = PBXFileReference; fileEncoding = 4; lastKnownFileType = sourcecode.c.h; name = RiskCheckVo.h; path = class/model/vo/RiskCheckVo.h; sourceTree = "<group>"; };
		0150564E1D77A29E00C1F8D8 /* RiskCheckVo.m */ = {isa = PBXFileReference; fileEncoding = 4; lastKnownFileType = sourcecode.c.objc; name = RiskCheckVo.m; path = class/model/vo/RiskCheckVo.m; sourceTree = "<group>"; };
		015056501D77A33100C1F8D8 /* RiskVerifyListVo.h */ = {isa = PBXFileReference; fileEncoding = 4; lastKnownFileType = sourcecode.c.h; name = RiskVerifyListVo.h; path = class/model/vo/RiskVerifyListVo.h; sourceTree = "<group>"; };
		015056511D77A33100C1F8D8 /* RiskVerifyListVo.m */ = {isa = PBXFileReference; fileEncoding = 4; lastKnownFileType = sourcecode.c.objc; name = RiskVerifyListVo.m; path = class/model/vo/RiskVerifyListVo.m; sourceTree = "<group>"; };
		015056531D77A3DD00C1F8D8 /* RiskReportDetailVo.h */ = {isa = PBXFileReference; fileEncoding = 4; lastKnownFileType = sourcecode.c.h; name = RiskReportDetailVo.h; path = class/model/vo/RiskReportDetailVo.h; sourceTree = "<group>"; };
		015056541D77A3DD00C1F8D8 /* RiskReportDetailVo.m */ = {isa = PBXFileReference; fileEncoding = 4; lastKnownFileType = sourcecode.c.objc; name = RiskReportDetailVo.m; path = class/model/vo/RiskReportDetailVo.m; sourceTree = "<group>"; };
		015056561D77A4BD00C1F8D8 /* NoticeListVo.h */ = {isa = PBXFileReference; fileEncoding = 4; lastKnownFileType = sourcecode.c.h; name = NoticeListVo.h; path = class/model/vo/NoticeListVo.h; sourceTree = "<group>"; };
		015056571D77A4BD00C1F8D8 /* NoticeListVo.m */ = {isa = PBXFileReference; fileEncoding = 4; lastKnownFileType = sourcecode.c.objc; name = NoticeListVo.m; path = class/model/vo/NoticeListVo.m; sourceTree = "<group>"; };
		015056591D77A57700C1F8D8 /* NoticeMyListVo.h */ = {isa = PBXFileReference; fileEncoding = 4; lastKnownFileType = sourcecode.c.h; name = NoticeMyListVo.h; path = class/model/vo/NoticeMyListVo.h; sourceTree = "<group>"; };
		0150565A1D77A57700C1F8D8 /* NoticeMyListVo.m */ = {isa = PBXFileReference; fileEncoding = 4; lastKnownFileType = sourcecode.c.objc; name = NoticeMyListVo.m; path = class/model/vo/NoticeMyListVo.m; sourceTree = "<group>"; };
		0150565C1D77A5D700C1F8D8 /* WarnListVo.h */ = {isa = PBXFileReference; fileEncoding = 4; lastKnownFileType = sourcecode.c.h; name = WarnListVo.h; path = class/model/vo/WarnListVo.h; sourceTree = "<group>"; };
		0150565D1D77A5D700C1F8D8 /* WarnListVo.m */ = {isa = PBXFileReference; fileEncoding = 4; lastKnownFileType = sourcecode.c.objc; name = WarnListVo.m; path = class/model/vo/WarnListVo.m; sourceTree = "<group>"; };
		015056681D78722A00C1F8D8 /* RiskMainListCell.h */ = {isa = PBXFileReference; fileEncoding = 4; lastKnownFileType = sourcecode.c.h; name = RiskMainListCell.h; path = class/controller/risk/RiskMainListCell.h; sourceTree = "<group>"; };
		015056691D78722A00C1F8D8 /* RiskMainListCell.m */ = {isa = PBXFileReference; fileEncoding = 4; lastKnownFileType = sourcecode.c.objc; name = RiskMainListCell.m; path = class/controller/risk/RiskMainListCell.m; sourceTree = "<group>"; };
		0150566A1D78722A00C1F8D8 /* RiskMainListCell.xib */ = {isa = PBXFileReference; fileEncoding = 4; lastKnownFileType = file.xib; name = RiskMainListCell.xib; path = class/controller/risk/RiskMainListCell.xib; sourceTree = "<group>"; };
		015259AD1D70918F00AD3E67 /* ElectricRisk.app */ = {isa = PBXFileReference; explicitFileType = wrapper.application; includeInIndex = 0; path = ElectricRisk.app; sourceTree = BUILT_PRODUCTS_DIR; };
		015259B11D70918F00AD3E67 /* main.m */ = {isa = PBXFileReference; lastKnownFileType = sourcecode.c.objc; path = main.m; sourceTree = "<group>"; };
		015259B31D70918F00AD3E67 /* AppDelegate.h */ = {isa = PBXFileReference; lastKnownFileType = sourcecode.c.h; path = AppDelegate.h; sourceTree = "<group>"; };
		015259B41D70918F00AD3E67 /* AppDelegate.m */ = {isa = PBXFileReference; lastKnownFileType = sourcecode.c.objc; path = AppDelegate.m; sourceTree = "<group>"; };
		015259B61D70918F00AD3E67 /* LoginViewController.h */ = {isa = PBXFileReference; lastKnownFileType = sourcecode.c.h; path = LoginViewController.h; sourceTree = "<group>"; };
		015259B71D70918F00AD3E67 /* LoginViewController.m */ = {isa = PBXFileReference; lastKnownFileType = sourcecode.c.objc; path = LoginViewController.m; sourceTree = "<group>"; };
		015259BA1D70918F00AD3E67 /* Base */ = {isa = PBXFileReference; lastKnownFileType = file.storyboard; name = Base; path = Base.lproj/Main.storyboard; sourceTree = "<group>"; };
		015259BC1D70918F00AD3E67 /* Assets.xcassets */ = {isa = PBXFileReference; lastKnownFileType = folder.assetcatalog; path = Assets.xcassets; sourceTree = "<group>"; };
		015259BF1D70918F00AD3E67 /* Base */ = {isa = PBXFileReference; lastKnownFileType = file.storyboard; name = Base; path = Base.lproj/LaunchScreen.storyboard; sourceTree = "<group>"; };
		015259C11D70918F00AD3E67 /* Info.plist */ = {isa = PBXFileReference; lastKnownFileType = text.plist.xml; path = Info.plist; sourceTree = "<group>"; };
		0154B1171D72B04B0066D8B7 /* PrefixHeader.pch */ = {isa = PBXFileReference; fileEncoding = 4; lastKnownFileType = sourcecode.c.h; name = PrefixHeader.pch; path = class/model/system/PrefixHeader.pch; sourceTree = "<group>"; };
		0154B1181D72B08D0066D8B7 /* CommonDefine.h */ = {isa = PBXFileReference; lastKnownFileType = sourcecode.c.h; name = CommonDefine.h; path = class/model/system/CommonDefine.h; sourceTree = "<group>"; };
		0154B1191D72B11E0066D8B7 /* SystemConfig.h */ = {isa = PBXFileReference; fileEncoding = 4; lastKnownFileType = sourcecode.c.h; name = SystemConfig.h; path = class/model/system/SystemConfig.h; sourceTree = "<group>"; };
		0154B11A1D72B11E0066D8B7 /* SystemConfig.m */ = {isa = PBXFileReference; fileEncoding = 4; lastKnownFileType = sourcecode.c.objc; name = SystemConfig.m; path = class/model/system/SystemConfig.m; sourceTree = "<group>"; };
		0154B11E1D72BE420066D8B7 /* MBProgressHUD+MBProgressHUDView.h */ = {isa = PBXFileReference; fileEncoding = 4; lastKnownFileType = sourcecode.c.h; name = "MBProgressHUD+MBProgressHUDView.h"; path = "class/ThirdParty/HUD/MBProgressHUD+MBProgressHUDView.h"; sourceTree = "<group>"; };
		0154B11F1D72BE420066D8B7 /* MBProgressHUD+MBProgressHUDView.m */ = {isa = PBXFileReference; fileEncoding = 4; lastKnownFileType = sourcecode.c.objc; name = "MBProgressHUD+MBProgressHUDView.m"; path = "class/ThirdParty/HUD/MBProgressHUD+MBProgressHUDView.m"; sourceTree = "<group>"; };
		5A11CF15576B220A66902655 /* Pods-ElectricRisk.release.xcconfig */ = {isa = PBXFileReference; includeInIndex = 1; lastKnownFileType = text.xcconfig; name = "Pods-ElectricRisk.release.xcconfig"; path = "Pods/Target Support Files/Pods-ElectricRisk/Pods-ElectricRisk.release.xcconfig"; sourceTree = "<group>"; };
		7FE091FA88DEE46A874C5675 /* Pods-ElectricRisk.debug.xcconfig */ = {isa = PBXFileReference; includeInIndex = 1; lastKnownFileType = text.xcconfig; name = "Pods-ElectricRisk.debug.xcconfig"; path = "Pods/Target Support Files/Pods-ElectricRisk/Pods-ElectricRisk.debug.xcconfig"; sourceTree = "<group>"; };
		BA55C6931D78010000FDA2F6 /* RequestModal.h */ = {isa = PBXFileReference; fileEncoding = 4; lastKnownFileType = sourcecode.c.h; name = RequestModal.h; path = class/model/conn/RequestModal.h; sourceTree = "<group>"; };
		BA55C6941D78010000FDA2F6 /* RequestModal.m */ = {isa = PBXFileReference; fileEncoding = 4; lastKnownFileType = sourcecode.c.objc; name = RequestModal.m; path = class/model/conn/RequestModal.m; sourceTree = "<group>"; };
		BA55C6961D78029B00FDA2F6 /* AFNetworking.framework */ = {isa = PBXFileReference; lastKnownFileType = wrapper.framework; name = AFNetworking.framework; path = "Pods/../build/Release-iphoneos/AFNetworking.framework"; sourceTree = "<group>"; };
		BAE7188F1D71453D009AB399 /* RiskMainViewController.h */ = {isa = PBXFileReference; fileEncoding = 4; lastKnownFileType = sourcecode.c.h; name = RiskMainViewController.h; path = class/controller/risk/RiskMainViewController.h; sourceTree = "<group>"; };
		BAE718901D71453D009AB399 /* RiskMainViewController.m */ = {isa = PBXFileReference; fileEncoding = 4; lastKnownFileType = sourcecode.c.objc; name = RiskMainViewController.m; path = class/controller/risk/RiskMainViewController.m; sourceTree = "<group>"; };
		BAE718921D714F87009AB399 /* RiskSearchViewController.h */ = {isa = PBXFileReference; fileEncoding = 4; lastKnownFileType = sourcecode.c.h; name = RiskSearchViewController.h; path = class/controller/risk/RiskSearchViewController.h; sourceTree = "<group>"; };
		BAE718931D714F87009AB399 /* RiskSearchViewController.m */ = {isa = PBXFileReference; fileEncoding = 4; lastKnownFileType = sourcecode.c.objc; name = RiskSearchViewController.m; path = class/controller/risk/RiskSearchViewController.m; sourceTree = "<group>"; };
		BAE718941D714F87009AB399 /* RiskSearchViewController.xib */ = {isa = PBXFileReference; fileEncoding = 4; lastKnownFileType = file.xib; name = RiskSearchViewController.xib; path = class/controller/risk/RiskSearchViewController.xib; sourceTree = "<group>"; };
		BAE718971D7179FF009AB399 /* RiskDetailViewController.h */ = {isa = PBXFileReference; fileEncoding = 4; lastKnownFileType = sourcecode.c.h; name = RiskDetailViewController.h; path = class/controller/risk/RiskDetailViewController.h; sourceTree = "<group>"; };
		BAE718981D7179FF009AB399 /* RiskDetailViewController.m */ = {isa = PBXFileReference; fileEncoding = 4; lastKnownFileType = sourcecode.c.objc; name = RiskDetailViewController.m; path = class/controller/risk/RiskDetailViewController.m; sourceTree = "<group>"; };
		BAE718991D7179FF009AB399 /* RiskDetailViewController.xib */ = {isa = PBXFileReference; fileEncoding = 4; lastKnownFileType = file.xib; name = RiskDetailViewController.xib; path = class/controller/risk/RiskDetailViewController.xib; sourceTree = "<group>"; };
		FEED82F895921AE576C3458C /* Pods_ElectricRisk.framework */ = {isa = PBXFileReference; explicitFileType = wrapper.framework; includeInIndex = 0; path = Pods_ElectricRisk.framework; sourceTree = BUILT_PRODUCTS_DIR; };
/* End PBXFileReference section */

/* Begin PBXFrameworksBuildPhase section */
		015259AA1D70918F00AD3E67 /* Frameworks */ = {
			isa = PBXFrameworksBuildPhase;
			buildActionMask = 2147483647;
			files = (
				BA55C6971D78029B00FDA2F6 /* AFNetworking.framework in Frameworks */,
				C0FBD52A6B656522062415BC /* Pods_ElectricRisk.framework in Frameworks */,
			);
			runOnlyForDeploymentPostprocessing = 0;
		};
/* End PBXFrameworksBuildPhase section */

/* Begin PBXGroup section */
		0150565F1D77A66600C1F8D8 /* risk */ = {
			isa = PBXGroup;
			children = (
				015056441D77A05300C1F8D8 /* RiskListVo.h */,
				015056451D77A05300C1F8D8 /* RiskListVo.m */,
				015056471D77A13B00C1F8D8 /* RiskDetailVo.h */,
				015056481D77A13B00C1F8D8 /* RiskDetailVo.m */,
				0150564A1D77A20800C1F8D8 /* RiskDayInfoVo.h */,
				0150564B1D77A20800C1F8D8 /* RiskDayInfoVo.m */,
				0150564D1D77A29E00C1F8D8 /* RiskCheckVo.h */,
				0150564E1D77A29E00C1F8D8 /* RiskCheckVo.m */,
				015056501D77A33100C1F8D8 /* RiskVerifyListVo.h */,
				015056511D77A33100C1F8D8 /* RiskVerifyListVo.m */,
				015056531D77A3DD00C1F8D8 /* RiskReportDetailVo.h */,
				015056541D77A3DD00C1F8D8 /* RiskReportDetailVo.m */,
			);
			name = risk;
			sourceTree = "<group>";
		};
		015056601D77A66E00C1F8D8 /* notice */ = {
			isa = PBXGroup;
			children = (
				015056561D77A4BD00C1F8D8 /* NoticeListVo.h */,
				015056571D77A4BD00C1F8D8 /* NoticeListVo.m */,
				015056591D77A57700C1F8D8 /* NoticeMyListVo.h */,
				0150565A1D77A57700C1F8D8 /* NoticeMyListVo.m */,
			);
			name = notice;
			sourceTree = "<group>";
		};
		015056611D77A68000C1F8D8 /* warn */ = {
			isa = PBXGroup;
			children = (
				0150565C1D77A5D700C1F8D8 /* WarnListVo.h */,
				0150565D1D77A5D700C1F8D8 /* WarnListVo.m */,
			);
			name = warn;
			sourceTree = "<group>";
		};
		015259A41D70918E00AD3E67 = {
			isa = PBXGroup;
			children = (
				015259AF1D70918F00AD3E67 /* ElectricRisk */,
				015259AE1D70918F00AD3E67 /* Products */,
				B12ED3D5D160AC61E12512BB /* Pods */,
				7EEB6ED4AD958E19C3A4B958 /* Frameworks */,
			);
			sourceTree = "<group>";
		};
		015259AE1D70918F00AD3E67 /* Products */ = {
			isa = PBXGroup;
			children = (
				015259AD1D70918F00AD3E67 /* ElectricRisk.app */,
			);
			name = Products;
			sourceTree = "<group>";
		};
		015259AF1D70918F00AD3E67 /* ElectricRisk */ = {
			isa = PBXGroup;
			children = (
				BAE718871D712F84009AB399 /* class */,
				015259B01D70918F00AD3E67 /* Supporting Files */,
			);
			path = ElectricRisk;
			sourceTree = "<group>";
		};
		015259B01D70918F00AD3E67 /* Supporting Files */ = {
			isa = PBXGroup;
			children = (
				015259BC1D70918F00AD3E67 /* Assets.xcassets */,
				015259BE1D70918F00AD3E67 /* LaunchScreen.storyboard */,
				015259C11D70918F00AD3E67 /* Info.plist */,
				015259B11D70918F00AD3E67 /* main.m */,
			);
			name = "Supporting Files";
			sourceTree = "<group>";
		};
		0154B1151D72AFA10066D8B7 /* model */ = {
			isa = PBXGroup;
			children = (
				BA55C6921D7800E300FDA2F6 /* conn */,
				0154B1221D7653A40066D8B7 /* vo */,
				0154B1161D72AFCA0066D8B7 /* system */,
			);
			name = model;
			sourceTree = "<group>";
		};
		0154B1161D72AFCA0066D8B7 /* system */ = {
			isa = PBXGroup;
			children = (
				0154B1171D72B04B0066D8B7 /* PrefixHeader.pch */,
				0154B1181D72B08D0066D8B7 /* CommonDefine.h */,
				0154B1191D72B11E0066D8B7 /* SystemConfig.h */,
				0154B11A1D72B11E0066D8B7 /* SystemConfig.m */,
			);
			name = system;
			sourceTree = "<group>";
		};
		0154B11D1D72BE030066D8B7 /* ThirdParty */ = {
			isa = PBXGroup;
			children = (
				0154B1211D72BE460066D8B7 /* HUD */,
			);
			name = ThirdParty;
			sourceTree = "<group>";
		};
		0154B1211D72BE460066D8B7 /* HUD */ = {
			isa = PBXGroup;
			children = (
				0154B11E1D72BE420066D8B7 /* MBProgressHUD+MBProgressHUDView.h */,
				0154B11F1D72BE420066D8B7 /* MBProgressHUD+MBProgressHUDView.m */,
			);
			name = HUD;
			sourceTree = "<group>";
		};
		0154B1221D7653A40066D8B7 /* vo */ = {
			isa = PBXGroup;
			children = (
				0150565F1D77A66600C1F8D8 /* risk */,
				015056601D77A66E00C1F8D8 /* notice */,
				015056611D77A68000C1F8D8 /* warn */,
			);
			name = vo;
			sourceTree = "<group>";
		};
		7EEB6ED4AD958E19C3A4B958 /* Frameworks */ = {
			isa = PBXGroup;
			children = (
				BA55C6961D78029B00FDA2F6 /* AFNetworking.framework */,
				FEED82F895921AE576C3458C /* Pods_ElectricRisk.framework */,
			);
			name = Frameworks;
			sourceTree = "<group>";
		};
		B12ED3D5D160AC61E12512BB /* Pods */ = {
			isa = PBXGroup;
			children = (
				7FE091FA88DEE46A874C5675 /* Pods-ElectricRisk.debug.xcconfig */,
				5A11CF15576B220A66902655 /* Pods-ElectricRisk.release.xcconfig */,
			);
			name = Pods;
			sourceTree = "<group>";
		};
		BA55C6921D7800E300FDA2F6 /* conn */ = {
			isa = PBXGroup;
			children = (
				BA55C6931D78010000FDA2F6 /* RequestModal.h */,
				BA55C6941D78010000FDA2F6 /* RequestModal.m */,
			);
			name = conn;
			sourceTree = "<group>";
		};
		BAE718871D712F84009AB399 /* class */ = {
			isa = PBXGroup;
			children = (
				BAE718891D712F92009AB399 /* controller */,
				0154B1151D72AFA10066D8B7 /* model */,
				0154B11D1D72BE030066D8B7 /* ThirdParty */,
			);
			name = class;
			sourceTree = "<group>";
		};
		BAE718881D712F8D009AB399 /* system */ = {
			isa = PBXGroup;
			children = (
				015259B31D70918F00AD3E67 /* AppDelegate.h */,
				015259B41D70918F00AD3E67 /* AppDelegate.m */,
				015259B91D70918F00AD3E67 /* Main.storyboard */,
			);
			name = system;
			sourceTree = "<group>";
		};
		BAE718891D712F92009AB399 /* controller */ = {
			isa = PBXGroup;
			children = (
				BAE718881D712F8D009AB399 /* system */,
				BAE7188A1D712FBA009AB399 /* login */,
				BAE7188B1D714152009AB399 /* risk */,
				BAE7188C1D714176009AB399 /* check */,
				BAE7188D1D714194009AB399 /* message */,
				BAE7188E1D714199009AB399 /* setting */,
			);
			name = controller;
			sourceTree = "<group>";
		};
		BAE7188A1D712FBA009AB399 /* login */ = {
			isa = PBXGroup;
			children = (
				015259B61D70918F00AD3E67 /* LoginViewController.h */,
				015259B71D70918F00AD3E67 /* LoginViewController.m */,
			);
			name = login;
			sourceTree = "<group>";
		};
		BAE7188B1D714152009AB399 /* risk */ = {
			isa = PBXGroup;
			children = (
				BAE7188F1D71453D009AB399 /* RiskMainViewController.h */,
				BAE718901D71453D009AB399 /* RiskMainViewController.m */,
				015056681D78722A00C1F8D8 /* RiskMainListCell.h */,
				015056691D78722A00C1F8D8 /* RiskMainListCell.m */,
				0150566A1D78722A00C1F8D8 /* RiskMainListCell.xib */,
				BAE718921D714F87009AB399 /* RiskSearchViewController.h */,
				BAE718931D714F87009AB399 /* RiskSearchViewController.m */,
				BAE718941D714F87009AB399 /* RiskSearchViewController.xib */,
				BAE718971D7179FF009AB399 /* RiskDetailViewController.h */,
				BAE718981D7179FF009AB399 /* RiskDetailViewController.m */,
				BAE718991D7179FF009AB399 /* RiskDetailViewController.xib */,
			);
			name = risk;
			sourceTree = "<group>";
		};
		BAE7188C1D714176009AB399 /* check */ = {
			isa = PBXGroup;
			children = (
			);
			name = check;
			sourceTree = "<group>";
		};
		BAE7188D1D714194009AB399 /* message */ = {
			isa = PBXGroup;
			children = (
			);
			name = message;
			sourceTree = "<group>";
		};
		BAE7188E1D714199009AB399 /* setting */ = {
			isa = PBXGroup;
			children = (
			);
			name = setting;
			sourceTree = "<group>";
		};
/* End PBXGroup section */

/* Begin PBXNativeTarget section */
		015259AC1D70918F00AD3E67 /* ElectricRisk */ = {
			isa = PBXNativeTarget;
			buildConfigurationList = 015259C41D70918F00AD3E67 /* Build configuration list for PBXNativeTarget "ElectricRisk" */;
			buildPhases = (
				64D938EF2DA53DBEB46981C0 /* [CP] Check Pods Manifest.lock */,
				015259A91D70918F00AD3E67 /* Sources */,
				015259AA1D70918F00AD3E67 /* Frameworks */,
				015259AB1D70918F00AD3E67 /* Resources */,
				D9CD6550FA6116577317CB71 /* [CP] Embed Pods Frameworks */,
				D88CF2AE9EE789658C6B0F20 /* [CP] Copy Pods Resources */,
				5D0B1118A01EA0560774484E /* Embed Pods Frameworks */,
			);
			buildRules = (
			);
			dependencies = (
			);
			name = ElectricRisk;
			productName = ElectricRisk;
			productReference = 015259AD1D70918F00AD3E67 /* ElectricRisk.app */;
			productType = "com.apple.product-type.application";
		};
/* End PBXNativeTarget section */

/* Begin PBXProject section */
		015259A51D70918E00AD3E67 /* Project object */ = {
			isa = PBXProject;
			attributes = {
				LastUpgradeCheck = 0730;
				ORGANIZATIONNAME = com.yasin.electric;
				TargetAttributes = {
					015259AC1D70918F00AD3E67 = {
						CreatedOnToolsVersion = 7.3.1;
					};
				};
			};
			buildConfigurationList = 015259A81D70918E00AD3E67 /* Build configuration list for PBXProject "ElectricRisk" */;
			compatibilityVersion = "Xcode 3.2";
			developmentRegion = English;
			hasScannedForEncodings = 0;
			knownRegions = (
				en,
				Base,
			);
			mainGroup = 015259A41D70918E00AD3E67;
			productRefGroup = 015259AE1D70918F00AD3E67 /* Products */;
			projectDirPath = "";
			projectRoot = "";
			targets = (
				015259AC1D70918F00AD3E67 /* ElectricRisk */,
			);
		};
/* End PBXProject section */

/* Begin PBXResourcesBuildPhase section */
		015259AB1D70918F00AD3E67 /* Resources */ = {
			isa = PBXResourcesBuildPhase;
			buildActionMask = 2147483647;
			files = (
				BAE7189B1D7179FF009AB399 /* RiskDetailViewController.xib in Resources */,
				015259C01D70918F00AD3E67 /* LaunchScreen.storyboard in Resources */,
				015259BD1D70918F00AD3E67 /* Assets.xcassets in Resources */,
				0150566C1D78722A00C1F8D8 /* RiskMainListCell.xib in Resources */,
				015259BB1D70918F00AD3E67 /* Main.storyboard in Resources */,
				BAE718961D714F87009AB399 /* RiskSearchViewController.xib in Resources */,
			);
			runOnlyForDeploymentPostprocessing = 0;
		};
/* End PBXResourcesBuildPhase section */

/* Begin PBXShellScriptBuildPhase section */
		5D0B1118A01EA0560774484E /* Embed Pods Frameworks */ = {
			isa = PBXShellScriptBuildPhase;
			buildActionMask = 2147483647;
			files = (
			);
			inputPaths = (
			);
			name = "Embed Pods Frameworks";
			outputPaths = (
			);
			runOnlyForDeploymentPostprocessing = 0;
			shellPath = /bin/sh;
			shellScript = "\"${SRCROOT}/Pods/Target Support Files/Pods-ElectricRisk/Pods-ElectricRisk-frameworks.sh\"\n";
			showEnvVarsInLog = 0;
		};
		64D938EF2DA53DBEB46981C0 /* [CP] Check Pods Manifest.lock */ = {
			isa = PBXShellScriptBuildPhase;
			buildActionMask = 2147483647;
			files = (
			);
			inputPaths = (
			);
			name = "[CP] Check Pods Manifest.lock";
			outputPaths = (
			);
			runOnlyForDeploymentPostprocessing = 0;
			shellPath = /bin/sh;
			shellScript = "diff \"${PODS_ROOT}/../Podfile.lock\" \"${PODS_ROOT}/Manifest.lock\" > /dev/null\nif [[ $? != 0 ]] ; then\n    cat << EOM\nerror: The sandbox is not in sync with the Podfile.lock. Run 'pod install' or update your CocoaPods installation.\nEOM\n    exit 1\nfi\n";
			showEnvVarsInLog = 0;
		};
		D88CF2AE9EE789658C6B0F20 /* [CP] Copy Pods Resources */ = {
			isa = PBXShellScriptBuildPhase;
			buildActionMask = 2147483647;
			files = (
			);
			inputPaths = (
			);
			name = "[CP] Copy Pods Resources";
			outputPaths = (
			);
			runOnlyForDeploymentPostprocessing = 0;
			shellPath = /bin/sh;
			shellScript = "\"${SRCROOT}/Pods/Target Support Files/Pods-ElectricRisk/Pods-ElectricRisk-resources.sh\"\n";
			showEnvVarsInLog = 0;
		};
		D9CD6550FA6116577317CB71 /* [CP] Embed Pods Frameworks */ = {
			isa = PBXShellScriptBuildPhase;
			buildActionMask = 2147483647;
			files = (
			);
			inputPaths = (
			);
			name = "[CP] Embed Pods Frameworks";
			outputPaths = (
			);
			runOnlyForDeploymentPostprocessing = 0;
			shellPath = /bin/sh;
			shellScript = "\"${SRCROOT}/Pods/Target Support Files/Pods-ElectricRisk/Pods-ElectricRisk-frameworks.sh\"\n";
			showEnvVarsInLog = 0;
		};
/* End PBXShellScriptBuildPhase section */

/* Begin PBXSourcesBuildPhase section */
		015259A91D70918F00AD3E67 /* Sources */ = {
			isa = PBXSourcesBuildPhase;
			buildActionMask = 2147483647;
			files = (
				015056491D77A13B00C1F8D8 /* RiskDetailVo.m in Sources */,
				BAE7189A1D7179FF009AB399 /* RiskDetailViewController.m in Sources */,
				0150564C1D77A20800C1F8D8 /* RiskDayInfoVo.m in Sources */,
				BAE718911D71453D009AB399 /* RiskMainViewController.m in Sources */,
				0150565B1D77A57700C1F8D8 /* NoticeMyListVo.m in Sources */,
				0150564F1D77A29E00C1F8D8 /* RiskCheckVo.m in Sources */,
				0150565E1D77A5D700C1F8D8 /* WarnListVo.m in Sources */,
				015056581D77A4BD00C1F8D8 /* NoticeListVo.m in Sources */,
				015259B81D70918F00AD3E67 /* LoginViewController.m in Sources */,
				015056461D77A05300C1F8D8 /* RiskListVo.m in Sources */,
				0150566B1D78722A00C1F8D8 /* RiskMainListCell.m in Sources */,
				0154B11B1D72B11E0066D8B7 /* SystemConfig.m in Sources */,
				015056521D77A33100C1F8D8 /* RiskVerifyListVo.m in Sources */,
				0154B1201D72BE420066D8B7 /* MBProgressHUD+MBProgressHUDView.m in Sources */,
				BA55C6951D78010000FDA2F6 /* RequestModal.m in Sources */,
				015259B51D70918F00AD3E67 /* AppDelegate.m in Sources */,
				BAE718951D714F87009AB399 /* RiskSearchViewController.m in Sources */,
				015056551D77A3DD00C1F8D8 /* RiskReportDetailVo.m in Sources */,
				015259B21D70918F00AD3E67 /* main.m in Sources */,
			);
			runOnlyForDeploymentPostprocessing = 0;
		};
/* End PBXSourcesBuildPhase section */

/* Begin PBXVariantGroup section */
		015259B91D70918F00AD3E67 /* Main.storyboard */ = {
			isa = PBXVariantGroup;
			children = (
				015259BA1D70918F00AD3E67 /* Base */,
			);
			name = Main.storyboard;
			sourceTree = "<group>";
		};
		015259BE1D70918F00AD3E67 /* LaunchScreen.storyboard */ = {
			isa = PBXVariantGroup;
			children = (
				015259BF1D70918F00AD3E67 /* Base */,
			);
			name = LaunchScreen.storyboard;
			sourceTree = "<group>";
		};
/* End PBXVariantGroup section */

/* Begin XCBuildConfiguration section */
		015259C21D70918F00AD3E67 /* Debug */ = {
			isa = XCBuildConfiguration;
			buildSettings = {
				ALWAYS_SEARCH_USER_PATHS = NO;
				CLANG_ANALYZER_NONNULL = YES;
				CLANG_CXX_LANGUAGE_STANDARD = "gnu++0x";
				CLANG_CXX_LIBRARY = "libc++";
				CLANG_ENABLE_MODULES = YES;
				CLANG_ENABLE_OBJC_ARC = YES;
				CLANG_WARN_BOOL_CONVERSION = YES;
				CLANG_WARN_CONSTANT_CONVERSION = YES;
				CLANG_WARN_DIRECT_OBJC_ISA_USAGE = YES_ERROR;
				CLANG_WARN_EMPTY_BODY = YES;
				CLANG_WARN_ENUM_CONVERSION = YES;
				CLANG_WARN_INT_CONVERSION = YES;
				CLANG_WARN_OBJC_ROOT_CLASS = YES_ERROR;
				CLANG_WARN_UNREACHABLE_CODE = YES;
				CLANG_WARN__DUPLICATE_METHOD_MATCH = YES;
				"CODE_SIGN_IDENTITY[sdk=iphoneos*]" = "iPhone Developer";
				COPY_PHASE_STRIP = NO;
				DEBUG_INFORMATION_FORMAT = dwarf;
				ENABLE_STRICT_OBJC_MSGSEND = YES;
				ENABLE_TESTABILITY = YES;
				GCC_C_LANGUAGE_STANDARD = gnu99;
				GCC_DYNAMIC_NO_PIC = NO;
				GCC_NO_COMMON_BLOCKS = YES;
				GCC_OPTIMIZATION_LEVEL = 0;
				GCC_PREFIX_HEADER = "$(PROJECT_DIR)/ElectricRisk/class/model/system/PrefixHeader.pch";
				GCC_PREPROCESSOR_DEFINITIONS = (
					"DEBUG=1",
					"$(inherited)",
				);
				GCC_WARN_64_TO_32_BIT_CONVERSION = YES;
				GCC_WARN_ABOUT_RETURN_TYPE = YES_ERROR;
				GCC_WARN_UNDECLARED_SELECTOR = YES;
				GCC_WARN_UNINITIALIZED_AUTOS = YES_AGGRESSIVE;
				GCC_WARN_UNUSED_FUNCTION = YES;
				GCC_WARN_UNUSED_VARIABLE = YES;
				IPHONEOS_DEPLOYMENT_TARGET = 9.3;
				MTL_ENABLE_DEBUG_INFO = YES;
				ONLY_ACTIVE_ARCH = YES;
				SDKROOT = iphoneos;
			};
			name = Debug;
		};
		015259C31D70918F00AD3E67 /* Release */ = {
			isa = XCBuildConfiguration;
			buildSettings = {
				ALWAYS_SEARCH_USER_PATHS = NO;
				CLANG_ANALYZER_NONNULL = YES;
				CLANG_CXX_LANGUAGE_STANDARD = "gnu++0x";
				CLANG_CXX_LIBRARY = "libc++";
				CLANG_ENABLE_MODULES = YES;
				CLANG_ENABLE_OBJC_ARC = YES;
				CLANG_WARN_BOOL_CONVERSION = YES;
				CLANG_WARN_CONSTANT_CONVERSION = YES;
				CLANG_WARN_DIRECT_OBJC_ISA_USAGE = YES_ERROR;
				CLANG_WARN_EMPTY_BODY = YES;
				CLANG_WARN_ENUM_CONVERSION = YES;
				CLANG_WARN_INT_CONVERSION = YES;
				CLANG_WARN_OBJC_ROOT_CLASS = YES_ERROR;
				CLANG_WARN_UNREACHABLE_CODE = YES;
				CLANG_WARN__DUPLICATE_METHOD_MATCH = YES;
				"CODE_SIGN_IDENTITY[sdk=iphoneos*]" = "iPhone Developer";
				COPY_PHASE_STRIP = NO;
				DEBUG_INFORMATION_FORMAT = "dwarf-with-dsym";
				ENABLE_NS_ASSERTIONS = NO;
				ENABLE_STRICT_OBJC_MSGSEND = YES;
				GCC_C_LANGUAGE_STANDARD = gnu99;
				GCC_NO_COMMON_BLOCKS = YES;
				GCC_PREFIX_HEADER = "$(PROJECT_DIR)/ElectricRisk/class/model/system/PrefixHeader.pch";
				GCC_WARN_64_TO_32_BIT_CONVERSION = YES;
				GCC_WARN_ABOUT_RETURN_TYPE = YES_ERROR;
				GCC_WARN_UNDECLARED_SELECTOR = YES;
				GCC_WARN_UNINITIALIZED_AUTOS = YES_AGGRESSIVE;
				GCC_WARN_UNUSED_FUNCTION = YES;
				GCC_WARN_UNUSED_VARIABLE = YES;
				IPHONEOS_DEPLOYMENT_TARGET = 9.3;
				MTL_ENABLE_DEBUG_INFO = NO;
				SDKROOT = iphoneos;
				VALIDATE_PRODUCT = YES;
			};
			name = Release;
		};
		015259C51D70918F00AD3E67 /* Debug */ = {
			isa = XCBuildConfiguration;
			baseConfigurationReference = 7FE091FA88DEE46A874C5675 /* Pods-ElectricRisk.debug.xcconfig */;
			buildSettings = {
				ASSETCATALOG_COMPILER_APPICON_NAME = AppIcon;
				CODE_SIGN_IDENTITY = "iPhone Developer";
				FRAMEWORK_SEARCH_PATHS = (
					"$(inherited)",
					"$(PROJECT_DIR)/build/Release-iphoneos",
				);
				INFOPLIST_FILE = ElectricRisk/Info.plist;
				LD_RUNPATH_SEARCH_PATHS = "$(inherited) @executable_path/Frameworks";
				PRODUCT_BUNDLE_IDENTIFIER = com.yasin.ElectricRisk;
				PRODUCT_NAME = "$(TARGET_NAME)";
			};
			name = Debug;
		};
		015259C61D70918F00AD3E67 /* Release */ = {
			isa = XCBuildConfiguration;
			baseConfigurationReference = 5A11CF15576B220A66902655 /* Pods-ElectricRisk.release.xcconfig */;
			buildSettings = {
				ASSETCATALOG_COMPILER_APPICON_NAME = AppIcon;
				CODE_SIGN_IDENTITY = "iPhone Developer";
				FRAMEWORK_SEARCH_PATHS = (
					"$(inherited)",
					"$(PROJECT_DIR)/build/Release-iphoneos",
				);
				INFOPLIST_FILE = ElectricRisk/Info.plist;
				LD_RUNPATH_SEARCH_PATHS = "$(inherited) @executable_path/Frameworks";
				PRODUCT_BUNDLE_IDENTIFIER = com.yasin.ElectricRisk;
				PRODUCT_NAME = "$(TARGET_NAME)";
			};
			name = Release;
		};
/* End XCBuildConfiguration section */

/* Begin XCConfigurationList section */
		015259A81D70918E00AD3E67 /* Build configuration list for PBXProject "ElectricRisk" */ = {
			isa = XCConfigurationList;
			buildConfigurations = (
				015259C21D70918F00AD3E67 /* Debug */,
				015259C31D70918F00AD3E67 /* Release */,
			);
			defaultConfigurationIsVisible = 0;
			defaultConfigurationName = Release;
		};
		015259C41D70918F00AD3E67 /* Build configuration list for PBXNativeTarget "ElectricRisk" */ = {
			isa = XCConfigurationList;
			buildConfigurations = (
				015259C51D70918F00AD3E67 /* Debug */,
				015259C61D70918F00AD3E67 /* Release */,
			);
			defaultConfigurationIsVisible = 0;
			defaultConfigurationName = Release;
		};
/* End XCConfigurationList section */
	};
	rootObject = 015259A51D70918E00AD3E67 /* Project object */;
}
